
Microsoft Visual Studio Solution File, Format Version 12.00
# Visual Studio Version 16
VisualStudioVersion = 16.0.30717.126
MinimumVisualStudioVersion = 10.0.40219.1
Project("{FAE04EC0-301F-11D3-BF4B-00C04F79EFBC}") = "restaurant-manager-visma", "restaurant-manager-visma\restaurant-manager-visma.csproj", "{D4F78385-B09D-4401-95F0-298D0BBEB0BE}"
EndProject
Project("{2150E333-8FDC-42A3-9474-1A3956D46DE8}") = "src", "src", "{C425D434-4EED-44DB-8431-59991A582B3B}"
EndProject
Project("{2150E333-8FDC-42A3-9474-1A3956D46DE8}") = "tests", "tests", "{25D6BF3C-5F28-464A-80D8-C626D85FCD7C}"
EndProject
Project("{FAE04EC0-301F-11D3-BF4B-00C04F79EFBC}") = "restaurant-manager-tests", "restaurant-manager-tests\restaurant-manager-tests.csproj", "{D914DB35-AA8B-4917-91E2-04BB10C24A7E}"
EndProject
Global
	GlobalSection(SolutionConfigurationPlatforms) = preSolution
		Debug|Any CPU = Debug|Any CPU
		Release|Any CPU = Release|Any CPU
	EndGlobalSection
	GlobalSection(ProjectConfigurationPlatforms) = postSolution
		{D4F78385-B09D-4401-95F0-298D0BBEB0BE}.Debug|Any CPU.ActiveCfg = Debug|Any CPU
		{D4F78385-B09D-4401-95F0-298D0BBEB0BE}.Debug|Any CPU.Build.0 = Debug|Any CPU
		{D4F78385-B09D-4401-95F0-298D0BBEB0BE}.Release|Any CPU.ActiveCfg = Release|Any CPU
		{D4F78385-B09D-4401-95F0-298D0BBEB0BE}.Release|Any CPU.Build.0 = Release|Any CPU
		{D914DB35-AA8B-4917-91E2-04BB10C24A7E}.Debug|Any CPU.ActiveCfg = Debug|Any CPU
		{D914DB35-AA8B-4917-91E2-04BB10C24A7E}.Debug|Any CPU.Build.0 = Debug|Any CPU
		{D914DB35-AA8B-4917-91E2-04BB10C24A7E}.Release|Any CPU.ActiveCfg = Release|Any CPU
		{D914DB35-AA8B-4917-91E2-04BB10C24A7E}.Release|Any CPU.Build.0 = Release|Any CPU
	EndGlobalSection
	GlobalSection(SolutionProperties) = preSolution
		HideSolutionNode = FALSE
	EndGlobalSection
	GlobalSection(NestedProjects) = preSolution
		{D4F78385-B09D-4401-95F0-298D0BBEB0BE} = {C425D434-4EED-44DB-8431-59991A582B3B}
		{D914DB35-AA8B-4917-91E2-04BB10C24A7E} = {25D6BF3C-5F28-464A-80D8-C626D85FCD7C}
	EndGlobalSection
	GlobalSection(ExtensibilityGlobals) = postSolution
		SolutionGuid = {311CAE5F-3402-4567-A0AF-CCD41DCA410D}
	EndGlobalSection
EndGlobal
